<?xml version="1.0" encoding="utf-8"?>
<Project ToolsVersion="4.0" xmlns="http://schemas.microsoft.com/developer/msbuild/2003">
  <ItemGroup>
    <Filter Include="Source Files">
      <UniqueIdentifier>{4FC737F1-C7A5-4376-A066-2A32D752A2FF}</UniqueIdentifier>
      <Extensions>cpp;c;cc;cxx;def;odl;idl;hpj;bat;asm;asmx</Extensions>
    </Filter>
    <Filter Include="Header Files">
      <UniqueIdentifier>{93995380-89BD-4b04-88EB-625FBE52EBFB}</UniqueIdentifier>
      <Extensions>h;hh;hpp;hxx;hm;inl;inc;xsd</Extensions>
    </Filter>
    <Filter Include="Resource Files">
      <UniqueIdentifier>{67DA6AB6-F800-4c08-8B7A-83BB121AAD01}</UniqueIdentifier>
      <Extensions>rc;ico;cur;bmp;dlg;rc2;rct;bin;rgs;gif;jpg;jpeg;jpe;resx;tiff;tif;png;wav;mfcribbon-ms</Extensions>
    </Filter>
    <Filter Include="IslandData">
      <UniqueIdentifier>{2c18dd1c-63d5-4536-830c-2d1c35b8f18b}</UniqueIdentifier>
    </Filter>
    <Filter Include="Header Files\Item">
      <UniqueIdentifier>{25da8099-8844-4987-b2a7-10196f5e3503}</UniqueIdentifier>
    </Filter>
    <Filter Include="Header Files\Object">
      <UniqueIdentifier>{eb66c7cb-e194-46eb-b524-cc6e7e8ec961}</UniqueIdentifier>
    </Filter>
    <Filter Include="Header Files\GameComponents">
      <UniqueIdentifier>{3343d9d6-3d85-44a6-bf06-1198d3699626}</UniqueIdentifier>
    </Filter>
    <Filter Include="Header Files\GUI">
      <UniqueIdentifier>{b8be1493-835c-46b1-af5c-45e20a2915dd}</UniqueIdentifier>
    </Filter>
    <Filter Include="Header Files\other">
      <UniqueIdentifier>{b368c235-e222-4717-82ec-610f32f144fe}</UniqueIdentifier>
    </Filter>
    <Filter Include="Header Files\Engine">
      <UniqueIdentifier>{c27c5217-fa50-4947-8271-511657bf7786}</UniqueIdentifier>
    </Filter>
  </ItemGroup>
  <ItemGroup>
    <ClCompile Include="main.cpp">
      <Filter>Source Files</Filter>
    </ClCompile>
    <ClCompile Include="Engine.cpp">
      <Filter>Source Files</Filter>
    </ClCompile>
  </ItemGroup>
  <ItemGroup>
    <ClInclude Include="IslandApp.hpp">
      <Filter>Header Files</Filter>
    </ClInclude>
    <ClInclude Include="IslandMenu.hpp">
      <Filter>Header Files</Filter>
    </ClInclude>
    <ClInclude Include="menus.hpp">
      <Filter>Header Files</Filter>
    </ClInclude>
    <ClInclude Include="button.hpp">
      <Filter>Header Files</Filter>
    </ClInclude>
    <ClInclude Include="textbox.hpp">
      <Filter>Header Files</Filter>
    </ClInclude>
    <ClInclude Include="Tile.hpp">
      <Filter>Header Files</Filter>
    </ClInclude>
    <ClInclude Include="Character.hpp">
      <Filter>Header Files</Filter>
    </ClInclude>
    <ClInclude Include="playerCharacter.hpp">
      <Filter>Header Files</Filter>
    </ClInclude>
    <ClInclude Include="Media.hpp">
      <Filter>Header Files</Filter>
    </ClInclude>
    <ClInclude Include="Map.hpp">
      <Filter>Header Files</Filter>
    </ClInclude>
    <ClInclude Include="World.hpp">
      <Filter>Header Files</Filter>
    </ClInclude>
    <ClInclude Include="ItemDef.hpp">
      <Filter>Header Files\Item</Filter>
    </ClInclude>
    <ClInclude Include="ObjectsContainer.hpp">
      <Filter>Header Files\Object</Filter>
    </ClInclude>
    <ClInclude Include="ObjectDef.hpp">
      <Filter>Header Files\Object</Filter>
    </ClInclude>
    <ClInclude Include="GameComponentsLoader.hpp">
      <Filter>Header Files\GameComponents</Filter>
    </ClInclude>
    <ClInclude Include="PlayerGui.hpp">
      <Filter>Header Files\GUI</Filter>
    </ClInclude>
    <ClInclude Include="PlayerEquipmentGui.hpp">
      <Filter>Header Files\GUI</Filter>
    </ClInclude>
    <ClInclude Include="PlayerHud.hpp">
      <Filter>Header Files\GUI</Filter>
    </ClInclude>
    <ClInclude Include="Engine.hpp">
      <Filter>Header Files\Engine</Filter>
    </ClInclude>
    <ClInclude Include="EquipmentField.hpp">
      <Filter>Header Files\GUI</Filter>
    </ClInclude>
    <ClInclude Include="ItemField.hpp">
      <Filter>Header Files\Item</Filter>
    </ClInclude>
    <ClInclude Include="LyingItemsContainer.hpp">
      <Filter>Header Files\Item</Filter>
    </ClInclude>
    <ClInclude Include="CollisionDetect.hpp">
      <Filter>Header Files</Filter>
    </ClInclude>
    <ClInclude Include="Console.hpp">
      <Filter>Header Files\GUI</Filter>
    </ClInclude>
    <ClInclude Include="DefContainer.hpp">
      <Filter>Header Files\GameComponents</Filter>
    </ClInclude>
    <ClInclude Include="ErrorHandler.hpp">
      <Filter>Header Files</Filter>
    </ClInclude>
    <ClInclude Include="Object.hpp">
      <Filter>Header Files\Object</Filter>
    </ClInclude>
    <ClInclude Include="ObjectMap.hpp">
      <Filter>Header Files\Object</Filter>
    </ClInclude>
  </ItemGroup>
  <ItemGroup>
    <Image Include="Data\char.png">
      <Filter>IslandData</Filter>
    </Image>
    <Image Include="Data\Items.png">
      <Filter>IslandData</Filter>
    </Image>
    <Image Include="Data\Objects.png">
      <Filter>IslandData</Filter>
    </Image>
  </ItemGroup>
  <ItemGroup>
    <Xml Include="Data\Objects.xml">
      <Filter>IslandData</Filter>
    </Xml>
    <Xml Include="Data\Items.xml">
      <Filter>IslandData</Filter>
    </Xml>
  </ItemGroup>
  <ItemGroup>
    <None Include="Data\Items.xcf">
      <Filter>Resource Files</Filter>
    </None>
    <None Include="Data\Tiles.xcf">
      <Filter>Resource Files</Filter>
    </None>
  </ItemGroup>
  <ItemGroup>
    <Font Include="Data\Fonts\ariali.ttf">
      <Filter>IslandData</Filter>
    </Font>
  </ItemGroup>
</Project>